
Microsoft Visual Studio Solution File, Format Version 12.00
# Visual Studio Version 17
VisualStudioVersion = 17.14.36414.22 d17.14
MinimumVisualStudioVersion = 10.0.40219.1
Project("{FAE04EC0-301F-11D3-BF4B-00C04F79EFBC}") = "BepopStreamProject", "BepopStreamProject\BepopStreamProject.csproj", "{83C23E4C-E33D-4080-83C4-014807DB3A63}"
EndProject
Global
	GlobalSection(SolutionConfigurationPlatforms) = preSolution
		Debug|Any CPU = Debug|Any CPU
		Release|Any CPU = Release|Any CPU
	EndGlobalSection
	GlobalSection(ProjectConfigurationPlatforms) = postSolution
		{83C23E4C-E33D-4080-83C4-014807DB3A63}.Debug|Any CPU.ActiveCfg = Debug|Any CPU
		{83C23E4C-E33D-4080-83C4-014807DB3A63}.Debug|Any CPU.Build.0 = Debug|Any CPU
		{83C23E4C-E33D-4080-83C4-014807DB3A63}.Release|Any CPU.ActiveCfg = Release|Any CPU
		{83C23E4C-E33D-4080-83C4-014807DB3A63}.Release|Any CPU.Build.0 = Release|Any CPU
	EndGlobalSection
	GlobalSection(SolutionProperties) = preSolution
		HideSolutionNode = FALSE
	EndGlobalSection
	GlobalSection(ExtensibilityGlobals) = postSolution
		SolutionGuid = {89BF8ADF-0984-4368-887F-AFECFB0FD44B}
	EndGlobalSection
EndGlobal
